// !$*UTF8*$!
{
	archiveVersion = 1;
	classes = {
	};
	objectVersion = 77;
	objects = {

/* Begin PBXContainerItemProxy section */
		18CB969E2F0D95BF00D93DAB /* PBXContainerItemProxy */ = {
			isa = PBXContainerItemProxy;
			containerPortal = 18CB96882F0D95BD00D93DAB /* Project object */;
			proxyType = 1;
			remoteGlobalIDString = 18CB968F2F0D95BD00D93DAB;
			remoteInfo = "ID Photo Master\"";
		};
		18CB96A82F0D95BF00D93DAB /* PBXContainerItemProxy */ = {
			isa = PBXContainerItemProxy;
			containerPortal = 18CB96882F0D95BD00D93DAB /* Project object */;
			proxyType = 1;
			remoteGlobalIDString = 18CB968F2F0D95BD00D93DAB;
			remoteInfo = "ID Photo Master\"";
		};
/* End PBXContainerItemProxy section */

/* Begin PBXFileReference section */
		18CB96902F0D95BD00D93DAB /* ID Photo Master".app */ = {isa = PBXFileReference; explicitFileType = wrapper.application; includeInIndex = 0; path = "ID Photo Master\".app"; sourceTree = BUILT_PRODUCTS_DIR; };
		18CB969D2F0D95BF00D93DAB /* ID Photo Master"Tests.xctest */ = {isa = PBXFileReference; explicitFileType = wrapper.cfbundle; includeInIndex = 0; path = "ID Photo Master\"Tests.xctest"; sourceTree = BUILT_PRODUCTS_DIR; };
		18CB96A72F0D95BF00D93DAB /* ID Photo Master"UITests.xctest */ = {isa = PBXFileReference; explicitFileType = wrapper.cfbundle; includeInIndex = 0; path = "ID Photo Master\"UITests.xctest"; sourceTree = BUILT_PRODUCTS_DIR; };
/* End PBXFileReference section */

/* Begin PBXFileSystemSynchronizedRootGroup section */
		18CB96922F0D95BD00D93DAB /* ID Photo Master" */ = {
			isa = PBXFileSystemSynchronizedRootGroup;
			path = "ID Photo Master\"";
			sourceTree = "<group>";
		};
		18CB96A02F0D95BF00D93DAB /* ID Photo Master"Tests */ = {
			isa = PBXFileSystemSynchronizedRootGroup;
			path = "ID Photo Master\"Tests";
			sourceTree = "<group>";
		};
		18CB96AA2F0D95BF00D93DAB /* ID Photo Master"UITests */ = {
			isa = PBXFileSystemSynchronizedRootGroup;
			path = "ID Photo Master\"UITests";
			sourceTree = "<group>";
		};
/* End PBXFileSystemSynchronizedRootGroup section */

/* Begin PBXFrameworksBuildPhase section */
		18CB968D2F0D95BD00D93DAB /* Frameworks */ = {
			isa = PBXFrameworksBuildPhase;
			buildActionMask = 2147483647;
			files = (
			);
			runOnlyForDeploymentPostprocessing = 0;
		};
		18CB969A2F0D95BF00D93DAB /* Frameworks */ = {
			isa = PBXFrameworksBuildPhase;
			buildActionMask = 2147483647;
			files = (
			);
			runOnlyForDeploymentPostprocessing = 0;
		};
		18CB96A42F0D95BF00D93DAB /* Frameworks */ = {
			isa = PBXFrameworksBuildPhase;
			buildActionMask = 2147483647;
			files = (
			);
			runOnlyForDeploymentPostprocessing = 0;
		};
/* End PBXFrameworksBuildPhase section */

/* Begin PBXGroup section */
		18CB96872F0D95BD00D93DAB = {
			isa = PBXGroup;
			children = (
				18CB96922F0D95BD00D93DAB /* ID Photo Master" */,
				18CB96A02F0D95BF00D93DAB /* ID Photo Master"Tests */,
				18CB96AA2F0D95BF00D93DAB /* ID Photo Master"UITests */,
				18CB96912F0D95BD00D93DAB /* Products */,
			);
			sourceTree = "<group>";
		};
		18CB96912F0D95BD00D93DAB /* Products */ = {
			isa = PBXGroup;
			children = (
				18CB96902F0D95BD00D93DAB /* ID Photo Master".app */,
				18CB969D2F0D95BF00D93DAB /* ID Photo Master"Tests.xctest */,
				18CB96A72F0D95BF00D93DAB /* ID Photo Master"UITests.xctest */,
			);
			name = Products;
			sourceTree = "<group>";
		};
/* End PBXGroup section */

/* Begin PBXNativeTarget section */
		18CB968F2F0D95BD00D93DAB /* ID Photo Master" */ = {
			isa = PBXNativeTarget;
			buildConfigurationList = 18CB96B12F0D95BF00D93DAB /* Build configuration list for PBXNativeTarget "ID Photo Master"" */;
			buildPhases = (
				18CB968C2F0D95BD00D93DAB /* Sources */,
				18CB968D2F0D95BD00D93DAB /* Frameworks */,
				18CB968E2F0D95BD00D93DAB /* Resources */,
			);
			buildRules = (
			);
			dependencies = (
			);
			fileSystemSynchronizedGroups = (
				18CB96922F0D95BD00D93DAB /* ID Photo Master" */,
			);
			name = "ID Photo Master\"";
			packageProductDependencies = (
			);
			productName = "ID Photo Master\"";
			productReference = 18CB96902F0D95BD00D93DAB /* ID Photo Master".app */;
			productType = "com.apple.product-type.application";
		};
		18CB969C2F0D95BF00D93DAB /* ID Photo Master"Tests */ = {
			isa = PBXNativeTarget;
			buildConfigurationList = 18CB96B42F0D95BF00D93DAB /* Build configuration list for PBXNativeTarget "ID Photo Master"Tests" */;
			buildPhases = (
				18CB96992F0D95BF00D93DAB /* Sources */,
				18CB969A2F0D95BF00D93DAB /* Frameworks */,
				18CB969B2F0D95BF00D93DAB /* Resources */,
			);
			buildRules = (
			);
			dependencies = (
				18CB969F2F0D95BF00D93DAB /* PBXTargetDependency */,
			);
			fileSystemSynchronizedGroups = (
				18CB96A02F0D95BF00D93DAB /* ID Photo Master"Tests */,
			);
			name = "ID Photo Master\"Tests";
			packageProductDependencies = (
			);
			productName = "ID Photo Master\"Tests";
			productReference = 18CB969D2F0D95BF00D93DAB /* ID Photo Master"Tests.xctest */;
			productType = "com.apple.product-type.bundle.unit-test";
		};
		18CB96A62F0D95BF00D93DAB /* ID Photo Master"UITests */ = {
			isa = PBXNativeTarget;
			buildConfigurationList = 18CB96B72F0D95BF00D93DAB /* Build configuration list for PBXNativeTarget "ID Photo Master"UITests" */;
			buildPhases = (
				18CB96A32F0D95BF00D93DAB /* Sources */,
				18CB96A42F0D95BF00D93DAB /* Frameworks */,
				18CB96A52F0D95BF00D93DAB /* Resources */,
			);
			buildRules = (
			);
			dependencies = (
				18CB96A92F0D95BF00D93DAB /* PBXTargetDependency */,
			);
			fileSystemSynchronizedGroups = (
				18CB96AA2F0D95BF00D93DAB /* ID Photo Master"UITests */,
			);
			name = "ID Photo Master\"UITests";
			packageProductDependencies = (
			);
			productName = "ID Photo Master\"UITests";
			productReference = 18CB96A72F0D95BF00D93DAB /* ID Photo Master"UITests.xctest */;
			productType = "com.apple.product-type.bundle.ui-testing";
		};
/* End PBXNativeTarget section */

/* Begin PBXProject section */
		18CB96882F0D95BD00D93DAB /* Project object */ = {
			isa = PBXProject;
			attributes = {
				BuildIndependentTargetsInParallel = 1;
				LastSwiftUpdateCheck = 2620;
				LastUpgradeCheck = 2620;
				TargetAttributes = {
					18CB968F2F0D95BD00D93DAB = {
						CreatedOnToolsVersion = 26.2;
					};
					18CB969C2F0D95BF00D93DAB = {
						CreatedOnToolsVersion = 26.2;
						TestTargetID = 18CB968F2F0D95BD00D93DAB;
					};
					18CB96A62F0D95BF00D93DAB = {
						CreatedOnToolsVersion = 26.2;
						TestTargetID = 18CB968F2F0D95BD00D93DAB;
					};
				};
			};
			buildConfigurationList = 18CB968B2F0D95BD00D93DAB /* Build configuration list for PBXProject "ID Photo Master"" */;
			developmentRegion = en;
			hasScannedForEncodings = 0;
			knownRegions = (
				en,
				Base,
			);
			mainGroup = 18CB96872F0D95BD00D93DAB;
			minimizedProjectReferenceProxies = 1;
			preferredProjectObjectVersion = 77;
			productRefGroup = 18CB96912F0D95BD00D93DAB /* Products */;
			projectDirPath = "";
			projectRoot = "";
			targets = (
				18CB968F2F0D95BD00D93DAB /* ID Photo Master" */,
				18CB969C2F0D95BF00D93DAB /* ID Photo Master"Tests */,
				18CB96A62F0D95BF00D93DAB /* ID Photo Master"UITests */,
			);
		};
/* End PBXProject section */

/* Begin PBXResourcesBuildPhase section */
		18CB968E2F0D95BD00D93DAB /* Resources */ = {
			isa = PBXResourcesBuildPhase;
			buildActionMask = 2147483647;
			files = (
			);
			runOnlyForDeploymentPostprocessing = 0;
		};
		18CB969B2F0D95BF00D93DAB /* Resources */ = {
			isa = PBXResourcesBuildPhase;
			buildActionMask = 2147483647;
			files = (
			);
			runOnlyForDeploymentPostprocessing = 0;
		};
		18CB96A52F0D95BF00D93DAB /* Resources */ = {
			isa = PBXResourcesBuildPhase;
			buildActionMask = 2147483647;
			files = (
			);
			runOnlyForDeploymentPostprocessing = 0;
		};
/* End PBXResourcesBuildPhase section */

/* Begin PBXSourcesBuildPhase section */
		18CB968C2F0D95BD00D93DAB /* Sources */ = {
			isa = PBXSourcesBuildPhase;
			buildActionMask = 2147483647;
			files = (
			);
			runOnlyForDeploymentPostprocessing = 0;
		};
		18CB96992F0D95BF00D93DAB /* Sources */ = {
			isa = PBXSourcesBuildPhase;
			buildActionMask = 2147483647;
			files = (
			);
			runOnlyForDeploymentPostprocessing = 0;
		};
		18CB96A32F0D95BF00D93DAB /* Sources */ = {
			isa = PBXSourcesBuildPhase;
			buildActionMask = 2147483647;
			files = (
			);
			runOnlyForDeploymentPostprocessing = 0;
		};
/* End PBXSourcesBuildPhase section */

/* Begin PBXTargetDependency section */
		18CB969F2F0D95BF00D93DAB /* PBXTargetDependency */ = {
			isa = PBXTargetDependency;
			target = 18CB968F2F0D95BD00D93DAB /* ID Photo Master" */;
			targetProxy = 18CB969E2F0D95BF00D93DAB /* PBXContainerItemProxy */;
		};
		18CB96A92F0D95BF00D93DAB /* PBXTargetDependency */ = {
			isa = PBXTargetDependency;
			target = 18CB968F2F0D95BD00D93DAB /* ID Photo Master" */;
			targetProxy = 18CB96A82F0D95BF00D93DAB /* PBXContainerItemProxy */;
		};
/* End PBXTargetDependency section */

/* Begin XCBuildConfiguration section */
		18CB96AF2F0D95BF00D93DAB /* Debug */ = {
			isa = XCBuildConfiguration;
			buildSettings = {
				ALWAYS_SEARCH_USER_PATHS = NO;
				ASSETCATALOG_COMPILER_GENERATE_SWIFT_ASSET_SYMBOL_EXTENSIONS = YES;
				CLANG_ANALYZER_NONNULL = YES;
				CLANG_ANALYZER_NUMBER_OBJECT_CONVERSION = YES_AGGRESSIVE;
				CLANG_CXX_LANGUAGE_STANDARD = "gnu++20";
				CLANG_ENABLE_MODULES = YES;
				CLANG_ENABLE_OBJC_ARC = YES;
				CLANG_ENABLE_OBJC_WEAK = YES;
				CLANG_WARN_BLOCK_CAPTURE_AUTORELEASING = YES;
				CLANG_WARN_BOOL_CONVERSION = YES;
				CLANG_WARN_COMMA = YES;
				CLANG_WARN_CONSTANT_CONVERSION = YES;
				CLANG_WARN_DEPRECATED_OBJC_IMPLEMENTATIONS = YES;
				CLANG_WARN_DIRECT_OBJC_ISA_USAGE = YES_ERROR;
				CLANG_WARN_DOCUMENTATION_COMMENTS = YES;
				CLANG_WARN_EMPTY_BODY = YES;
				CLANG_WARN_ENUM_CONVERSION = YES;
				CLANG_WARN_INFINITE_RECURSION = YES;
				CLANG_WARN_INT_CONVERSION = YES;
				CLANG_WARN_NON_LITERAL_NULL_CONVERSION = YES;
				CLANG_WARN_OBJC_IMPLICIT_RETAIN_SELF = YES;
				CLANG_WARN_OBJC_LITERAL_CONVERSION = YES;
				CLANG_WARN_OBJC_ROOT_CLASS = YES_ERROR;
				CLANG_WARN_QUOTED_INCLUDE_IN_FRAMEWORK_HEADER = YES;
				CLANG_WARN_RANGE_LOOP_ANALYSIS = YES;
				CLANG_WARN_STRICT_PROTOTYPES = YES;
				CLANG_WARN_SUSPICIOUS_MOVE = YES;
				CLANG_WARN_UNGUARDED_AVAILABILITY = YES_AGGRESSIVE;
				CLANG_WARN_UNREACHABLE_CODE = YES;
				CLANG_WARN__DUPLICATE_METHOD_MATCH = YES;
				COPY_PHASE_STRIP = NO;
				DEBUG_INFORMATION_FORMAT = dwarf;
				DEVELOPMENT_TEAM = Y4PZM652PW;
				ENABLE_STRICT_OBJC_MSGSEND = YES;
				ENABLE_TESTABILITY = YES;
				ENABLE_USER_SCRIPT_SANDBOXING = YES;
				GCC_C_LANGUAGE_STANDARD = gnu17;
				GCC_DYNAMIC_NO_PIC = NO;
				GCC_NO_COMMON_BLOCKS = YES;
				GCC_OPTIMIZATION_LEVEL = 0;
				GCC_PREPROCESSOR_DEFINITIONS = (
					"DEBUG=1",
					"$(inherited)",
				);
				GCC_WARN_64_TO_32_BIT_CONVERSION = YES;
				GCC_WARN_ABOUT_RETURN_TYPE = YES_ERROR;
				GCC_WARN_UNDECLARED_SELECTOR = YES;
				GCC_WARN_UNINITIALIZED_AUTOS = YES_AGGRESSIVE;
				GCC_WARN_UNUSED_FUNCTION = YES;
				GCC_WARN_UNUSED_VARIABLE = YES;
				GENERATE_INFOPLIST_FILE = YES;
				IPHONEOS_DEPLOYMENT_TARGET = 26.2;
				LOCALIZATION_PREFERS_STRING_CATALOGS = YES;
				MTL_ENABLE_DEBUG_INFO = INCLUDE_SOURCE;
				MTL_FAST_MATH = YES;
				ONLY_ACTIVE_ARCH = YES;
				SDKROOT = iphoneos;
				SWIFT_ACTIVE_COMPILATION_CONDITIONS = "DEBUG $(inherited)";
				SWIFT_OPTIMIZATION_LEVEL = "-Onone";
			};
			name = Debug;
		};
		18CB96B02F0D95BF00D93DAB /* Release */ = {
			isa = XCBuildConfiguration;
			buildSettings = {
				ALWAYS_SEARCH_USER_PATHS = NO;
				ASSETCATALOG_COMPILER_GENERATE_SWIFT_ASSET_SYMBOL_EXTENSIONS = YES;
				CLANG_ANALYZER_NONNULL = YES;
				CLANG_ANALYZER_NUMBER_OBJECT_CONVERSION = YES_AGGRESSIVE;
				CLANG_CXX_LANGUAGE_STANDARD = "gnu++20";
				CLANG_ENABLE_MODULES = YES;
				CLANG_ENABLE_OBJC_ARC = YES;
				CLANG_ENABLE_OBJC_WEAK = YES;
				CLANG_WARN_BLOCK_CAPTURE_AUTORELEASING = YES;
				CLANG_WARN_BOOL_CONVERSION = YES;
				CLANG_WARN_COMMA = YES;
				CLANG_WARN_CONSTANT_CONVERSION = YES;
				CLANG_WARN_DEPRECATED_OBJC_IMPLEMENTATIONS = YES;
				CLANG_WARN_DIRECT_OBJC_ISA_USAGE = YES_ERROR;
				CLANG_WARN_DOCUMENTATION_COMMENTS = YES;
				CLANG_WARN_EMPTY_BODY = YES;
				CLANG_WARN_ENUM_CONVERSION = YES;
				CLANG_WARN_INFINITE_RECURSION = YES;
				CLANG_WARN_INT_CONVERSION = YES;
				CLANG_WARN_NON_LITERAL_NULL_CONVERSION = YES;
				CLANG_WARN_OBJC_IMPLICIT_RETAIN_SELF = YES;
				CLANG_WARN_OBJC_LITERAL_CONVERSION = YES;
				CLANG_WARN_OBJC_ROOT_CLASS = YES_ERROR;
				CLANG_WARN_QUOTED_INCLUDE_IN_FRAMEWORK_HEADER = YES;
				CLANG_WARN_RANGE_LOOP_ANALYSIS = YES;
				CLANG_WARN_STRICT_PROTOTYPES = YES;
				CLANG_WARN_SUSPICIOUS_MOVE = YES;
				CLANG_WARN_UNGUARDED_AVAILABILITY = YES_AGGRESSIVE;
				CLANG_WARN_UNREACHABLE_CODE = YES;
				CLANG_WARN__DUPLICATE_METHOD_MATCH = YES;
				COPY_PHASE_STRIP = NO;
				DEBUG_INFORMATION_FORMAT = "dwarf-with-dsym";
				DEVELOPMENT_TEAM = Y4PZM652PW;
				ENABLE_NS_ASSERTIONS = NO;
				ENABLE_STRICT_OBJC_MSGSEND = YES;
				ENABLE_USER_SCRIPT_SANDBOXING = YES;
				GCC_C_LANGUAGE_STANDARD = gnu17;
				GCC_NO_COMMON_BLOCKS = YES;
				GCC_WARN_64_TO_32_BIT_CONVERSION = YES;
				GCC_WARN_ABOUT_RETURN_TYPE = YES_ERROR;
				GCC_WARN_UNDECLARED_SELECTOR = YES;
				GCC_WARN_UNINITIALIZED_AUTOS = YES_AGGRESSIVE;
				GCC_WARN_UNUSED_FUNCTION = YES;
				GCC_WARN_UNUSED_VARIABLE = YES;
				GENERATE_INFOPLIST_FILE = YES;
				IPHONEOS_DEPLOYMENT_TARGET = 26.2;
				LOCALIZATION_PREFERS_STRING_CATALOGS = YES;
				MTL_ENABLE_DEBUG_INFO = NO;
				MTL_FAST_MATH = YES;
				SDKROOT = iphoneos;
				SWIFT_COMPILATION_MODE = wholemodule;
				VALIDATE_PRODUCT = YES;
			};
			name = Release;
		};
		18CB96B22F0D95BF00D93DAB /* Debug */ = {
			isa = XCBuildConfiguration;
			buildSettings = {
				ASSETCATALOG_COMPILER_APPICON_NAME = AppIcon;
				ASSETCATALOG_COMPILER_GLOBAL_ACCENT_COLOR_NAME = AccentColor;
				CODE_SIGN_STYLE = Automatic;
				CURRENT_PROJECT_VERSION = 1;
				DEVELOPMENT_TEAM = Y4PZM652PW;
				ENABLE_PREVIEWS = YES;
				GENERATE_INFOPLIST_FILE = YES;
				INFOPLIST_KEY_CFBundleDisplayName = "ID Photo Master";
				INFOPLIST_KEY_LSApplicationCategoryType = "public.app-category.photography";
				INFOPLIST_KEY_NSCameraUsageDescription = "证件照大师需要访问您的相机来拍摄证件照。我们会使用相机进行实时人脸检测和姿势引导，帮助您拍出符合标准的证件照。";
				INFOPLIST_KEY_NSPhotoLibraryAddUsageDescription = "证件照大师需要访问您的相册来保存处理后的证件照。";
				INFOPLIST_KEY_NSPhotoLibraryUsageDescription = "证件照大师需要访问您的相册来读取和保存证件照。";
				INFOPLIST_KEY_UIApplicationSceneManifest_Generation = YES;
				INFOPLIST_KEY_UIApplicationSupportsIndirectInputEvents = YES;
				INFOPLIST_KEY_UILaunchScreen_Generation = YES;
				INFOPLIST_KEY_UISupportedInterfaceOrientations_iPad = UIInterfaceOrientationPortrait;
				INFOPLIST_KEY_UISupportedInterfaceOrientations_iPhone = UIInterfaceOrientationPortrait;
				LD_RUNPATH_SEARCH_PATHS = (
					"$(inherited)",
					"@executable_path/Frameworks",
				);
				MARKETING_VERSION = 1.0;
				PRODUCT_BUNDLE_IDENTIFIER = "john.ID-Photo-Master-";
				PRODUCT_NAME = "$(TARGET_NAME)";
				STRING_CATALOG_GENERATE_SYMBOLS = YES;
				SWIFT_APPROACHABLE_CONCURRENCY = YES;
				SWIFT_DEFAULT_ACTOR_ISOLATION = MainActor;
				SWIFT_EMIT_LOC_STRINGS = YES;
				SWIFT_UPCOMING_FEATURE_MEMBER_IMPORT_VISIBILITY = YES;
				SWIFT_VERSION = 5.0;
				TARGETED_DEVICE_FAMILY = "1,2";
			};
			name = Debug;
		};
		18CB96B32F0D95BF00D93DAB /* Release */ = {
			isa = XCBuildConfiguration;
			buildSettings = {
				ASSETCATALOG_COMPILER_APPICON_NAME = AppIcon;
				ASSETCATALOG_COMPILER_GLOBAL_ACCENT_COLOR_NAME = AccentColor;
				CODE_SIGN_STYLE = Automatic;
				CURRENT_PROJECT_VERSION = 1;
				DEVELOPMENT_TEAM = Y4PZM652PW;
				ENABLE_PREVIEWS = YES;
				GENERATE_INFOPLIST_FILE = YES;
				INFOPLIST_KEY_CFBundleDisplayName = "ID Photo Master";
				INFOPLIST_KEY_LSApplicationCategoryType = "public.app-category.photography";
				INFOPLIST_KEY_NSCameraUsageDescription = "证件照大师需要访问您的相机来拍摄证件照。我们会使用相机进行实时人脸检测和姿势引导，帮助您拍出符合标准的证件照。";
				INFOPLIST_KEY_NSPhotoLibraryAddUsageDescription = "证件照大师需要访问您的相册来保存处理后的证件照。";
				INFOPLIST_KEY_NSPhotoLibraryUsageDescription = "证件照大师需要访问您的相册来读取和保存证件照。";
				INFOPLIST_KEY_UIApplicationSceneManifest_Generation = YES;
				INFOPLIST_KEY_UIApplicationSupportsIndirectInputEvents = YES;
				INFOPLIST_KEY_UILaunchScreen_Generation = YES;
				INFOPLIST_KEY_UISupportedInterfaceOrientations_iPad = UIInterfaceOrientationPortrait;
				INFOPLIST_KEY_UISupportedInterfaceOrientations_iPhone = UIInterfaceOrientationPortrait;
				LD_RUNPATH_SEARCH_PATHS = (
					"$(inherited)",
					"@executable_path/Frameworks",
				);
				MARKETING_VERSION = 1.0;
				PRODUCT_BUNDLE_IDENTIFIER = "john.ID-Photo-Master-";
				PRODUCT_NAME = "$(TARGET_NAME)";
				STRING_CATALOG_GENERATE_SYMBOLS = YES;
				SWIFT_APPROACHABLE_CONCURRENCY = YES;
				SWIFT_DEFAULT_ACTOR_ISOLATION = MainActor;
				SWIFT_EMIT_LOC_STRINGS = YES;
				SWIFT_UPCOMING_FEATURE_MEMBER_IMPORT_VISIBILITY = YES;
				SWIFT_VERSION = 5.0;
				TARGETED_DEVICE_FAMILY = "1,2";
			};
			name = Release;
		};
		18CB96B52F0D95BF00D93DAB /* Debug */ = {
			isa = XCBuildConfiguration;
			buildSettings = {
				BUNDLE_LOADER = "$(TEST_HOST)";
				CODE_SIGN_STYLE = Automatic;
				CURRENT_PROJECT_VERSION = 1;
				DEVELOPMENT_TEAM = Y4PZM652PW;
				GENERATE_INFOPLIST_FILE = YES;
				IPHONEOS_DEPLOYMENT_TARGET = 26.2;
				MARKETING_VERSION = 1.0;
				PRODUCT_BUNDLE_IDENTIFIER = "john.ID-Photo-Master-Tests";
				PRODUCT_NAME = "$(TARGET_NAME)";
				STRING_CATALOG_GENERATE_SYMBOLS = NO;
				SWIFT_APPROACHABLE_CONCURRENCY = YES;
				SWIFT_EMIT_LOC_STRINGS = NO;
				SWIFT_UPCOMING_FEATURE_MEMBER_IMPORT_VISIBILITY = YES;
				SWIFT_VERSION = 5.0;
				TARGETED_DEVICE_FAMILY = "1,2";
				TEST_HOST = "$(BUILT_PRODUCTS_DIR)/ID Photo Master\".app/$(BUNDLE_EXECUTABLE_FOLDER_PATH)/ID Photo Master\"";
			};
			name = Debug;
		};
		18CB96B62F0D95BF00D93DAB /* Release */ = {
			isa = XCBuildConfiguration;
			buildSettings = {
				BUNDLE_LOADER = "$(TEST_HOST)";
				CODE_SIGN_STYLE = Automatic;
				CURRENT_PROJECT_VERSION = 1;
				DEVELOPMENT_TEAM = Y4PZM652PW;
				GENERATE_INFOPLIST_FILE = YES;
				IPHONEOS_DEPLOYMENT_TARGET = 26.2;
				MARKETING_VERSION = 1.0;
				PRODUCT_BUNDLE_IDENTIFIER = "john.ID-Photo-Master-Tests";
				PRODUCT_NAME = "$(TARGET_NAME)";
				STRING_CATALOG_GENERATE_SYMBOLS = NO;
				SWIFT_APPROACHABLE_CONCURRENCY = YES;
				SWIFT_EMIT_LOC_STRINGS = NO;
				SWIFT_UPCOMING_FEATURE_MEMBER_IMPORT_VISIBILITY = YES;
				SWIFT_VERSION = 5.0;
				TARGETED_DEVICE_FAMILY = "1,2";
				TEST_HOST = "$(BUILT_PRODUCTS_DIR)/ID Photo Master\".app/$(BUNDLE_EXECUTABLE_FOLDER_PATH)/ID Photo Master\"";
			};
			name = Release;
		};
		18CB96B82F0D95BF00D93DAB /* Debug */ = {
			isa = XCBuildConfiguration;
			buildSettings = {
				CODE_SIGN_STYLE = Automatic;
				CURRENT_PROJECT_VERSION = 1;
				DEVELOPMENT_TEAM = Y4PZM652PW;
				GENERATE_INFOPLIST_FILE = YES;
				MARKETING_VERSION = 1.0;
				PRODUCT_BUNDLE_IDENTIFIER = "john.ID-Photo-Master-UITests";
				PRODUCT_NAME = "$(TARGET_NAME)";
				STRING_CATALOG_GENERATE_SYMBOLS = NO;
				SWIFT_APPROACHABLE_CONCURRENCY = YES;
				SWIFT_EMIT_LOC_STRINGS = NO;
				SWIFT_UPCOMING_FEATURE_MEMBER_IMPORT_VISIBILITY = YES;
				SWIFT_VERSION = 5.0;
				TARGETED_DEVICE_FAMILY = "1,2";
				TEST_TARGET_NAME = "ID Photo Master\"";
			};
			name = Debug;
		};
		18CB96B92F0D95BF00D93DAB /* Release */ = {
			isa = XCBuildConfiguration;
			buildSettings = {
				CODE_SIGN_STYLE = Automatic;
				CURRENT_PROJECT_VERSION = 1;
				DEVELOPMENT_TEAM = Y4PZM652PW;
				GENERATE_INFOPLIST_FILE = YES;
				MARKETING_VERSION = 1.0;
				PRODUCT_BUNDLE_IDENTIFIER = "john.ID-Photo-Master-UITests";
				PRODUCT_NAME = "$(TARGET_NAME)";
				STRING_CATALOG_GENERATE_SYMBOLS = NO;
				SWIFT_APPROACHABLE_CONCURRENCY = YES;
				SWIFT_EMIT_LOC_STRINGS = NO;
				SWIFT_UPCOMING_FEATURE_MEMBER_IMPORT_VISIBILITY = YES;
				SWIFT_VERSION = 5.0;
				TARGETED_DEVICE_FAMILY = "1,2";
				TEST_TARGET_NAME = "ID Photo Master\"";
			};
			name = Release;
		};
/* End XCBuildConfiguration section */

/* Begin XCConfigurationList section */
		18CB968B2F0D95BD00D93DAB /* Build configuration list for PBXProject "ID Photo Master"" */ = {
			isa = XCConfigurationList;
			buildConfigurations = (
				18CB96AF2F0D95BF00D93DAB /* Debug */,
				18CB96B02F0D95BF00D93DAB /* Release */,
			);
			defaultConfigurationIsVisible = 0;
			defaultConfigurationName = Release;
		};
		18CB96B12F0D95BF00D93DAB /* Build configuration list for PBXNativeTarget "ID Photo Master"" */ = {
			isa = XCConfigurationList;
			buildConfigurations = (
				18CB96B22F0D95BF00D93DAB /* Debug */,
				18CB96B32F0D95BF00D93DAB /* Release */,
			);
			defaultConfigurationIsVisible = 0;
			defaultConfigurationName = Release;
		};
		18CB96B42F0D95BF00D93DAB /* Build configuration list for PBXNativeTarget "ID Photo Master"Tests" */ = {
			isa = XCConfigurationList;
			buildConfigurations = (
				18CB96B52F0D95BF00D93DAB /* Debug */,
				18CB96B62F0D95BF00D93DAB /* Release */,
			);
			defaultConfigurationIsVisible = 0;
			defaultConfigurationName = Release;
		};
		18CB96B72F0D95BF00D93DAB /* Build configuration list for PBXNativeTarget "ID Photo Master"UITests" */ = {
			isa = XCConfigurationList;
			buildConfigurations = (
				18CB96B82F0D95BF00D93DAB /* Debug */,
				18CB96B92F0D95BF00D93DAB /* Release */,
			);
			defaultConfigurationIsVisible = 0;
			defaultConfigurationName = Release;
		};
/* End XCConfigurationList section */
	};
	rootObject = 18CB96882F0D95BD00D93DAB /* Project object */;
}
